// !$*UTF8*$!
{
	archiveVersion = 1;
	classes = {
	};
	objectVersion = 50;
	objects = {

/* Begin PBXBuildFile section */
		D90C4802242026A6000B4460 /* BarCodeScannerController.swift in Sources */ = {isa = PBXBuildFile; fileRef = D90C4801242026A6000B4460 /* BarCodeScannerController.swift */; };
		D90C48042422E1BA000B4460 /* ItemRequest.swift in Sources */ = {isa = PBXBuildFile; fileRef = D90C48032422E1BA000B4460 /* ItemRequest.swift */; };
		D9860F092419AEDF007F229A /* AppDelegate.swift in Sources */ = {isa = PBXBuildFile; fileRef = D9860F082419AEDF007F229A /* AppDelegate.swift */; };
		D9860F0B2419AEDF007F229A /* SceneDelegate.swift in Sources */ = {isa = PBXBuildFile; fileRef = D9860F0A2419AEDF007F229A /* SceneDelegate.swift */; };
		D9860F0D2419AEDF007F229A /* ViewController.swift in Sources */ = {isa = PBXBuildFile; fileRef = D9860F0C2419AEDF007F229A /* ViewController.swift */; };
		D9860F122419AEE4007F229A /* Assets.xcassets in Resources */ = {isa = PBXBuildFile; fileRef = D9860F112419AEE4007F229A /* Assets.xcassets */; };
		D9860F152419AEE4007F229A /* LaunchScreen.storyboard in Resources */ = {isa = PBXBuildFile; fileRef = D9860F132419AEE4007F229A /* LaunchScreen.storyboard */; };
		D9860F1D241AADBA007F229A /* Item.swift in Sources */ = {isa = PBXBuildFile; fileRef = D9860F1C241AADBA007F229A /* Item.swift */; };
		D9860F1E241AB431007F229A /* Main.storyboard in Resources */ = {isa = PBXBuildFile; fileRef = D9860F0E2419AEDF007F229A /* Main.storyboard */; };
		D9860F20241AB994007F229A /* ItemTableViewController.swift in Sources */ = {isa = PBXBuildFile; fileRef = D9860F1F241AB994007F229A /* ItemTableViewController.swift */; };
		D9860F22241AEDBE007F229A /* ItemTableViewCell.swift in Sources */ = {isa = PBXBuildFile; fileRef = D9860F21241AEDBE007F229A /* ItemTableViewCell.swift */; };
		D99FFE7C241C68A000A26E85 /* AddEditItemTableViewController.swift in Sources */ = {isa = PBXBuildFile; fileRef = D99FFE7B241C68A000A26E85 /* AddEditItemTableViewController.swift */; };
/* End PBXBuildFile section */

/* Begin PBXFileReference section */
		D90C4801242026A6000B4460 /* BarCodeScannerController.swift */ = {isa = PBXFileReference; lastKnownFileType = sourcecode.swift; path = BarCodeScannerController.swift; sourceTree = "<group>"; };
		D90C48032422E1BA000B4460 /* ItemRequest.swift */ = {isa = PBXFileReference; lastKnownFileType = sourcecode.swift; path = ItemRequest.swift; sourceTree = "<group>"; };
		D9860F052419AEDF007F229A /* RemindifyMe.app */ = {isa = PBXFileReference; explicitFileType = wrapper.application; includeInIndex = 0; path = RemindifyMe.app; sourceTree = BUILT_PRODUCTS_DIR; };
		D9860F082419AEDF007F229A /* AppDelegate.swift */ = {isa = PBXFileReference; lastKnownFileType = sourcecode.swift; path = AppDelegate.swift; sourceTree = "<group>"; };
		D9860F0A2419AEDF007F229A /* SceneDelegate.swift */ = {isa = PBXFileReference; lastKnownFileType = sourcecode.swift; path = SceneDelegate.swift; sourceTree = "<group>"; };
		D9860F0C2419AEDF007F229A /* ViewController.swift */ = {isa = PBXFileReference; lastKnownFileType = sourcecode.swift; path = ViewController.swift; sourceTree = "<group>"; };
		D9860F0F2419AEDF007F229A /* Base */ = {isa = PBXFileReference; lastKnownFileType = file.storyboard; name = Base; path = Base.lproj/Main.storyboard; sourceTree = "<group>"; };
		D9860F112419AEE4007F229A /* Assets.xcassets */ = {isa = PBXFileReference; lastKnownFileType = folder.assetcatalog; path = Assets.xcassets; sourceTree = "<group>"; };
		D9860F142419AEE4007F229A /* Base */ = {isa = PBXFileReference; lastKnownFileType = file.storyboard; name = Base; path = Base.lproj/LaunchScreen.storyboard; sourceTree = "<group>"; };
		D9860F162419AEE4007F229A /* Info.plist */ = {isa = PBXFileReference; lastKnownFileType = text.plist.xml; path = Info.plist; sourceTree = "<group>"; };
		D9860F1C241AADBA007F229A /* Item.swift */ = {isa = PBXFileReference; lastKnownFileType = sourcecode.swift; path = Item.swift; sourceTree = "<group>"; };
		D9860F1F241AB994007F229A /* ItemTableViewController.swift */ = {isa = PBXFileReference; lastKnownFileType = sourcecode.swift; path = ItemTableViewController.swift; sourceTree = "<group>"; };
		D9860F21241AEDBE007F229A /* ItemTableViewCell.swift */ = {isa = PBXFileReference; lastKnownFileType = sourcecode.swift; path = ItemTableViewCell.swift; sourceTree = "<group>"; };
		D99FFE7B241C68A000A26E85 /* AddEditItemTableViewController.swift */ = {isa = PBXFileReference; lastKnownFileType = sourcecode.swift; path = AddEditItemTableViewController.swift; sourceTree = "<group>"; };
/* End PBXFileReference section */

/* Begin PBXFrameworksBuildPhase section */
		D9860F022419AEDF007F229A /* Frameworks */ = {
			isa = PBXFrameworksBuildPhase;
			buildActionMask = 2147483647;
			files = (
			);
			runOnlyForDeploymentPostprocessing = 0;
		};
/* End PBXFrameworksBuildPhase section */

/* Begin PBXGroup section */
		D9860EFC2419AEDF007F229A = {
			isa = PBXGroup;
			children = (
				D9860F072419AEDF007F229A /* RemindifyMe */,
				D9860F062419AEDF007F229A /* Products */,
			);
			sourceTree = "<group>";
		};
		D9860F062419AEDF007F229A /* Products */ = {
			isa = PBXGroup;
			children = (
				D9860F052419AEDF007F229A /* RemindifyMe.app */,
			);
			name = Products;
			sourceTree = "<group>";
		};
		D9860F072419AEDF007F229A /* RemindifyMe */ = {
			isa = PBXGroup;
			children = (
				D9860F082419AEDF007F229A /* AppDelegate.swift */,
				D9860F0A2419AEDF007F229A /* SceneDelegate.swift */,
				D9860F0C2419AEDF007F229A /* ViewController.swift */,
				D9860F0E2419AEDF007F229A /* Main.storyboard */,
				D9860F112419AEE4007F229A /* Assets.xcassets */,
				D9860F132419AEE4007F229A /* LaunchScreen.storyboard */,
				D9860F162419AEE4007F229A /* Info.plist */,
				D9860F1C241AADBA007F229A /* Item.swift */,
				D9860F21241AEDBE007F229A /* ItemTableViewCell.swift */,
				D9860F1F241AB994007F229A /* ItemTableViewController.swift */,
				D99FFE7B241C68A000A26E85 /* AddEditItemTableViewController.swift */,
				D90C4801242026A6000B4460 /* BarCodeScannerController.swift */,
				D90C48032422E1BA000B4460 /* ItemRequest.swift */,
			);
			path = RemindifyMe;
			sourceTree = "<group>";
		};
/* End PBXGroup section */

/* Begin PBXNativeTarget section */
		D9860F042419AEDF007F229A /* RemindifyMe */ = {
			isa = PBXNativeTarget;
			buildConfigurationList = D9860F192419AEE4007F229A /* Build configuration list for PBXNativeTarget "RemindifyMe" */;
			buildPhases = (
				D9860F012419AEDF007F229A /* Sources */,
				D9860F022419AEDF007F229A /* Frameworks */,
				D9860F032419AEDF007F229A /* Resources */,
			);
			buildRules = (
			);
			dependencies = (
			);
			name = RemindifyMe;
			productName = RemindifyMe;
			productReference = D9860F052419AEDF007F229A /* RemindifyMe.app */;
			productType = "com.apple.product-type.application";
		};
/* End PBXNativeTarget section */

/* Begin PBXProject section */
		D9860EFD2419AEDF007F229A /* Project object */ = {
			isa = PBXProject;
			attributes = {
				LastSwiftUpdateCheck = 1130;
				LastUpgradeCheck = 1130;
				ORGANIZATIONNAME = "Toasted Peanuts";
				TargetAttributes = {
					D9860F042419AEDF007F229A = {
						CreatedOnToolsVersion = 11.3.1;
					};
				};
			};
			buildConfigurationList = D9860F002419AEDF007F229A /* Build configuration list for PBXProject "RemindifyMe" */;
			compatibilityVersion = "Xcode 9.3";
			developmentRegion = en;
			hasScannedForEncodings = 0;
			knownRegions = (
				en,
				Base,
			);
			mainGroup = D9860EFC2419AEDF007F229A;
			productRefGroup = D9860F062419AEDF007F229A /* Products */;
			projectDirPath = "";
			projectRoot = "";
			targets = (
				D9860F042419AEDF007F229A /* RemindifyMe */,
			);
		};
/* End PBXProject section */

/* Begin PBXResourcesBuildPhase section */
		D9860F032419AEDF007F229A /* Resources */ = {
			isa = PBXResourcesBuildPhase;
			buildActionMask = 2147483647;
			files = (
				D9860F1E241AB431007F229A /* Main.storyboard in Resources */,
				D9860F152419AEE4007F229A /* LaunchScreen.storyboard in Resources */,
				D9860F122419AEE4007F229A /* Assets.xcassets in Resources */,
			);
			runOnlyForDeploymentPostprocessing = 0;
		};
/* End PBXResourcesBuildPhase section */

/* Begin PBXSourcesBuildPhase section */
		D9860F012419AEDF007F229A /* Sources */ = {
			isa = PBXSourcesBuildPhase;
			buildActionMask = 2147483647;
			files = (
				D9860F20241AB994007F229A /* ItemTableViewController.swift in Sources */,
				D9860F1D241AADBA007F229A /* Item.swift in Sources */,
				D9860F0D2419AEDF007F229A /* ViewController.swift in Sources */,
				D90C48042422E1BA000B4460 /* ItemRequest.swift in Sources */,
				D9860F092419AEDF007F229A /* AppDelegate.swift in Sources */,
				D99FFE7C241C68A000A26E85 /* AddEditItemTableViewController.swift in Sources */,
				D9860F22241AEDBE007F229A /* ItemTableViewCell.swift in Sources */,
				D9860F0B2419AEDF007F229A /* SceneDelegate.swift in Sources */,
				D90C4802242026A6000B4460 /* BarCodeScannerController.swift in Sources */,
			);
			runOnlyForDeploymentPostprocessing = 0;
		};
/* End PBXSourcesBuildPhase section */

/* Begin PBXVariantGroup section */
		D9860F0E2419AEDF007F229A /* Main.storyboard */ = {
			isa = PBXVariantGroup;
			children = (
				D9860F0F2419AEDF007F229A /* Base */,
			);
			name = Main.storyboard;
			sourceTree = "<group>";
		};
		D9860F132419AEE4007F229A /* LaunchScreen.storyboard */ = {
			isa = PBXVariantGroup;
			children = (
				D9860F142419AEE4007F229A /* Base */,
			);
			name = LaunchScreen.storyboard;
			sourceTree = "<group>";
		};
/* End PBXVariantGroup section */

/* Begin XCBuildConfiguration section */
		D9860F172419AEE4007F229A /* Debug */ = {
			isa = XCBuildConfiguration;
			buildSettings = {
				ALWAYS_SEARCH_USER_PATHS = NO;
				CLANG_ANALYZER_NONNULL = YES;
				CLANG_ANALYZER_NUMBER_OBJECT_CONVERSION = YES_AGGRESSIVE;
				CLANG_CXX_LANGUAGE_STANDARD = "gnu++14";
				CLANG_CXX_LIBRARY = "libc++";
				CLANG_ENABLE_MODULES = YES;
				CLANG_ENABLE_OBJC_ARC = YES;
				CLANG_ENABLE_OBJC_WEAK = YES;
				CLANG_WARN_BLOCK_CAPTURE_AUTORELEASING = YES;
				CLANG_WARN_BOOL_CONVERSION = YES;
				CLANG_WARN_COMMA = YES;
				CLANG_WARN_CONSTANT_CONVERSION = YES;
				CLANG_WARN_DEPRECATED_OBJC_IMPLEMENTATIONS = YES;
				CLANG_WARN_DIRECT_OBJC_ISA_USAGE = YES_ERROR;
				CLANG_WARN_DOCUMENTATION_COMMENTS = YES;
				CLANG_WARN_EMPTY_BODY = YES;
				CLANG_WARN_ENUM_CONVERSION = YES;
				CLANG_WARN_INFINITE_RECURSION = YES;
				CLANG_WARN_INT_CONVERSION = YES;
				CLANG_WARN_NON_LITERAL_NULL_CONVERSION = YES;
				CLANG_WARN_OBJC_IMPLICIT_RETAIN_SELF = YES;
				CLANG_WARN_OBJC_LITERAL_CONVERSION = YES;
				CLANG_WARN_OBJC_ROOT_CLASS = YES_ERROR;
				CLANG_WARN_RANGE_LOOP_ANALYSIS = YES;
				CLANG_WARN_STRICT_PROTOTYPES = YES;
				CLANG_WARN_SUSPICIOUS_MOVE = YES;
				CLANG_WARN_UNGUARDED_AVAILABILITY = YES_AGGRESSIVE;
				CLANG_WARN_UNREACHABLE_CODE = YES;
				CLANG_WARN__DUPLICATE_METHOD_MATCH = YES;
				COPY_PHASE_STRIP = NO;
				DEBUG_INFORMATION_FORMAT = dwarf;
				ENABLE_STRICT_OBJC_MSGSEND = YES;
				ENABLE_TESTABILITY = YES;
				GCC_C_LANGUAGE_STANDARD = gnu11;
				GCC_DYNAMIC_NO_PIC = NO;
				GCC_NO_COMMON_BLOCKS = YES;
				GCC_OPTIMIZATION_LEVEL = 0;
				GCC_PREPROCESSOR_DEFINITIONS = (
					"DEBUG=1",
					"$(inherited)",
				);
				GCC_WARN_64_TO_32_BIT_CONVERSION = YES;
				GCC_WARN_ABOUT_RETURN_TYPE = YES_ERROR;
				GCC_WARN_UNDECLARED_SELECTOR = YES;
				GCC_WARN_UNINITIALIZED_AUTOS = YES_AGGRESSIVE;
				GCC_WARN_UNUSED_FUNCTION = YES;
				GCC_WARN_UNUSED_VARIABLE = YES;
				IPHONEOS_DEPLOYMENT_TARGET = 11.0;
				MTL_ENABLE_DEBUG_INFO = INCLUDE_SOURCE;
				MTL_FAST_MATH = YES;
				ONLY_ACTIVE_ARCH = YES;
				SDKROOT = iphoneos;
				SWIFT_ACTIVE_COMPILATION_CONDITIONS = DEBUG;
				SWIFT_OPTIMIZATION_LEVEL = "-Onone";
			};
			name = Debug;
		};
		D9860F182419AEE4007F229A /* Release */ = {
			isa = XCBuildConfiguration;
			buildSettings = {
				ALWAYS_SEARCH_USER_PATHS = NO;
				CLANG_ANALYZER_NONNULL = YES;
				CLANG_ANALYZER_NUMBER_OBJECT_CONVERSION = YES_AGGRESSIVE;
				CLANG_CXX_LANGUAGE_STANDARD = "gnu++14";
				CLANG_CXX_LIBRARY = "libc++";
				CLANG_ENABLE_MODULES = YES;
				CLANG_ENABLE_OBJC_ARC = YES;
				CLANG_ENABLE_OBJC_WEAK = YES;
				CLANG_WARN_BLOCK_CAPTURE_AUTORELEASING = YES;
				CLANG_WARN_BOOL_CONVERSION = YES;
				CLANG_WARN_COMMA = YES;
				CLANG_WARN_CONSTANT_CONVERSION = YES;
				CLANG_WARN_DEPRECATED_OBJC_IMPLEMENTATIONS = YES;
				CLANG_WARN_DIRECT_OBJC_ISA_USAGE = YES_ERROR;
				CLANG_WARN_DOCUMENTATION_COMMENTS = YES;
				CLANG_WARN_EMPTY_BODY = YES;
				CLANG_WARN_ENUM_CONVERSION = YES;
				CLANG_WARN_INFINITE_RECURSION = YES;
				CLANG_WARN_INT_CONVERSION = YES;
				CLANG_WARN_NON_LITERAL_NULL_CONVERSION = YES;
				CLANG_WARN_OBJC_IMPLICIT_RETAIN_SELF = YES;
				CLANG_WARN_OBJC_LITERAL_CONVERSION = YES;
				CLANG_WARN_OBJC_ROOT_CLASS = YES_ERROR;
				CLANG_WARN_RANGE_LOOP_ANALYSIS = YES;
				CLANG_WARN_STRICT_PROTOTYPES = YES;
				CLANG_WARN_SUSPICIOUS_MOVE = YES;
				CLANG_WARN_UNGUARDED_AVAILABILITY = YES_AGGRESSIVE;
				CLANG_WARN_UNREACHABLE_CODE = YES;
				CLANG_WARN__DUPLICATE_METHOD_MATCH = YES;
				COPY_PHASE_STRIP = NO;
				DEBUG_INFORMATION_FORMAT = "dwarf-with-dsym";
				ENABLE_NS_ASSERTIONS = NO;
				ENABLE_STRICT_OBJC_MSGSEND = YES;
				GCC_C_LANGUAGE_STANDARD = gnu11;
				GCC_NO_COMMON_BLOCKS = YES;
				GCC_WARN_64_TO_32_BIT_CONVERSION = YES;
				GCC_WARN_ABOUT_RETURN_TYPE = YES_ERROR;
				GCC_WARN_UNDECLARED_SELECTOR = YES;
				GCC_WARN_UNINITIALIZED_AUTOS = YES_AGGRESSIVE;
				GCC_WARN_UNUSED_FUNCTION = YES;
				GCC_WARN_UNUSED_VARIABLE = YES;
				IPHONEOS_DEPLOYMENT_TARGET = 11.0;
				MTL_ENABLE_DEBUG_INFO = NO;
				MTL_FAST_MATH = YES;
				SDKROOT = iphoneos;
				SWIFT_COMPILATION_MODE = wholemodule;
				SWIFT_OPTIMIZATION_LEVEL = "-O";
				VALIDATE_PRODUCT = YES;
			};
			name = Release;
		};
		D9860F1A2419AEE4007F229A /* Debug */ = {
			isa = XCBuildConfiguration;
			buildSettings = {
				ASSETCATALOG_COMPILER_APPICON_NAME = AppIcon;
				CODE_SIGN_STYLE = Automatic;
				DEVELOPMENT_TEAM = YAP4G37TTZ;
				INFOPLIST_FILE = RemindifyMe/Info.plist;
				IPHONEOS_DEPLOYMENT_TARGET = 13.2;
				LD_RUNPATH_SEARCH_PATHS = (
					"$(inherited)",
					"@executable_path/Frameworks",
				);
				PRODUCT_BUNDLE_IDENTIFIER = com.mohayusu.RemindifyMe;
				PRODUCT_NAME = "$(TARGET_NAME)";
				SWIFT_VERSION = 5.0;
				TARGETED_DEVICE_FAMILY = "1,2";
			};
			name = Debug;
		};
		D9860F1B2419AEE4007F229A /* Release */ = {
			isa = XCBuildConfiguration;
			buildSettings = {
				ASSETCATALOG_COMPILER_APPICON_NAME = AppIcon;
				CODE_SIGN_STYLE = Automatic;
				DEVELOPMENT_TEAM = YAP4G37TTZ;
				INFOPLIST_FILE = RemindifyMe/Info.plist;
				IPHONEOS_DEPLOYMENT_TARGET = 13.2;
				LD_RUNPATH_SEARCH_PATHS = (
					"$(inherited)",
					"@executable_path/Frameworks",
				);
				PRODUCT_BUNDLE_IDENTIFIER = com.mohayusu.RemindifyMe;
				PRODUCT_NAME = "$(TARGET_NAME)";
				SWIFT_VERSION = 5.0;
				TARGETED_DEVICE_FAMILY = "1,2";
			};
			name = Release;
		};
/* End XCBuildConfiguration section */

/* Begin XCConfigurationList section */
		D9860F002419AEDF007F229A /* Build configuration list for PBXProject "RemindifyMe" */ = {
			isa = XCConfigurationList;
			buildConfigurations = (
				D9860F172419AEE4007F229A /* Debug */,
				D9860F182419AEE4007F229A /* Release */,
			);
			defaultConfigurationIsVisible = 0;
			defaultConfigurationName = Release;
		};
		D9860F192419AEE4007F229A /* Build configuration list for PBXNativeTarget "RemindifyMe" */ = {
			isa = XCConfigurationList;
			buildConfigurations = (
				D9860F1A2419AEE4007F229A /* Debug */,
				D9860F1B2419AEE4007F229A /* Release */,
			);
			defaultConfigurationIsVisible = 0;
			defaultConfigurationName = Release;
		};
/* End XCConfigurationList section */
	};
	rootObject = D9860EFD2419AEDF007F229A /* Project object */;
}
